
Microsoft Visual Studio Solution File, Format Version 12.00
# Visual Studio Version 17
VisualStudioVersion = 17.14.36127.28 d17.14
MinimumVisualStudioVersion = 10.0.40219.1
Project("{8BC9CEB8-8B4A-11D0-8D11-00A0C91BC942}") = "AliciaOnlineLauncher", "AliciaOnlineLauncher.vcxproj", "{D6221FCC-CC19-454D-B8CA-F0CC072B854E}"
EndProject
Global
	GlobalSection(SolutionConfigurationPlatforms) = preSolution
		Debug|x64 = Debug|x64
		Debug|x86 = Debug|x86
		Release|x64 = Release|x64
		Release|x86 = Release|x86
	EndGlobalSection
	GlobalSection(ProjectConfigurationPlatforms) = postSolution
		{D6221FCC-CC19-454D-B8CA-F0CC072B854E}.Debug|x64.ActiveCfg = Debug|x64
		{D6221FCC-CC19-454D-B8CA-F0CC072B854E}.Debug|x64.Build.0 = Debug|x64
		{D6221FCC-CC19-454D-B8CA-F0CC072B854E}.Debug|x86.ActiveCfg = Debug|Win32
		{D6221FCC-CC19-454D-B8CA-F0CC072B854E}.Debug|x86.Build.0 = Debug|Win32
		{D6221FCC-CC19-454D-B8CA-F0CC072B854E}.Release|x64.ActiveCfg = Release|x64
		{D6221FCC-CC19-454D-B8CA-F0CC072B854E}.Release|x64.Build.0 = Release|x64
		{D6221FCC-CC19-454D-B8CA-F0CC072B854E}.Release|x86.ActiveCfg = Release|Win32
		{D6221FCC-CC19-454D-B8CA-F0CC072B854E}.Release|x86.Build.0 = Release|Win32
	EndGlobalSection
	GlobalSection(SolutionProperties) = preSolution
		HideSolutionNode = FALSE
	EndGlobalSection
	GlobalSection(ExtensibilityGlobals) = postSolution
		SolutionGuid = {DF99E222-3156-4DD3-94EB-4B29C7661341}
	EndGlobalSection
EndGlobal
